
Microsoft Visual Studio Solution File, Format Version 12.00
# Visual Studio Version 17
VisualStudioVersion = 17.3.32819.101
MinimumVisualStudioVersion = 10.0.40219.1
Project("{FAE04EC0-301F-11D3-BF4B-00C04F79EFBC}") = "lab04", "lab04.csproj", "{DAEC8D5B-C9AD-4145-B629-534499C1AD4D}"
EndProject
Global
	GlobalSection(SolutionConfigurationPlatforms) = preSolution
		Debug|Any CPU = Debug|Any CPU
		Release|Any CPU = Release|Any CPU
	EndGlobalSection
	GlobalSection(ProjectConfigurationPlatforms) = postSolution
		{DAEC8D5B-C9AD-4145-B629-534499C1AD4D}.Debug|Any CPU.ActiveCfg = Debug|Any CPU
		{DAEC8D5B-C9AD-4145-B629-534499C1AD4D}.Debug|Any CPU.Build.0 = Debug|Any CPU
		{DAEC8D5B-C9AD-4145-B629-534499C1AD4D}.Release|Any CPU.ActiveCfg = Release|Any CPU
		{DAEC8D5B-C9AD-4145-B629-534499C1AD4D}.Release|Any CPU.Build.0 = Release|Any CPU
	EndGlobalSection
	GlobalSection(SolutionProperties) = preSolution
		HideSolutionNode = FALSE
	EndGlobalSection
	GlobalSection(ExtensibilityGlobals) = postSolution
		SolutionGuid = {8719C8E9-5F4B-42E8-AD21-025DB7470888}
	EndGlobalSection
EndGlobal
